
Microsoft Visual Studio Solution File, Format Version 12.00
# Visual Studio Version 17
VisualStudioVersion = 17.7.34009.444
MinimumVisualStudioVersion = 10.0.40219.1
Project("{FAE04EC0-301F-11D3-BF4B-00C04F79EFBC}") = "TeheMan 8 Editor", "TeheMan8_Editor\TeheMan 8 Editor.csproj", "{21608818-8FB2-4982-BD3F-BB20EE3BA977}"
EndProject
Project("{2150E333-8FDC-42A3-9474-1A3956D46DE8}") = "Solution Items", "Solution Items", "{CFADF2F1-FC1A-440D-93A3-FF5BD0F982C8}"
	ProjectSection(SolutionItems) = preProject
		README.md = README.md
	EndProjectSection
EndProject
Global
	GlobalSection(SolutionConfigurationPlatforms) = preSolution
		Debug|Any CPU = Debug|Any CPU
		Release|Any CPU = Release|Any CPU
	EndGlobalSection
	GlobalSection(ProjectConfigurationPlatforms) = postSolution
		{21608818-8FB2-4982-BD3F-BB20EE3BA977}.Debug|Any CPU.ActiveCfg = Debug|Any CPU
		{21608818-8FB2-4982-BD3F-BB20EE3BA977}.Debug|Any CPU.Build.0 = Debug|Any CPU
		{21608818-8FB2-4982-BD3F-BB20EE3BA977}.Release|Any CPU.ActiveCfg = Release|Any CPU
		{21608818-8FB2-4982-BD3F-BB20EE3BA977}.Release|Any CPU.Build.0 = Release|Any CPU
	EndGlobalSection
	GlobalSection(SolutionProperties) = preSolution
		HideSolutionNode = FALSE
	EndGlobalSection
	GlobalSection(ExtensibilityGlobals) = postSolution
		SolutionGuid = {7FA11C2B-7F38-4322-AC25-8E92A8F2AEFF}
	EndGlobalSection
EndGlobal
